// !$*UTF8*$!
{
	archiveVersion = 1;
	classes = {
	};
	objectVersion = 50;
	objects = {

/* Begin PBXBuildFile section */
		D3A1E82B24DC9D6000318FDF /* AppDelegate.swift in Sources */ = {isa = PBXBuildFile; fileRef = D3A1E82A24DC9D6000318FDF /* AppDelegate.swift */; };
		D3A1E82D24DC9D6000318FDF /* SceneDelegate.swift in Sources */ = {isa = PBXBuildFile; fileRef = D3A1E82C24DC9D6000318FDF /* SceneDelegate.swift */; };
		D3A1E82F24DC9D6000318FDF /* FactsViewController.swift in Sources */ = {isa = PBXBuildFile; fileRef = D3A1E82E24DC9D6000318FDF /* FactsViewController.swift */; };
		D3A1E83424DC9D6300318FDF /* Assets.xcassets in Resources */ = {isa = PBXBuildFile; fileRef = D3A1E83324DC9D6300318FDF /* Assets.xcassets */; };
		D3A1E83724DC9D6300318FDF /* LaunchScreen.storyboard in Resources */ = {isa = PBXBuildFile; fileRef = D3A1E83524DC9D6300318FDF /* LaunchScreen.storyboard */; };
		D3A1E84224DC9D6300318FDF /* TechMahindraPOCTests.swift in Sources */ = {isa = PBXBuildFile; fileRef = D3A1E84124DC9D6300318FDF /* TechMahindraPOCTests.swift */; };
		D3A1E84D24DC9D6300318FDF /* TechMahindraPOCUITests.swift in Sources */ = {isa = PBXBuildFile; fileRef = D3A1E84C24DC9D6300318FDF /* TechMahindraPOCUITests.swift */; };
		D3A1E85C24DCA0C800318FDF /* Webservice.swift in Sources */ = {isa = PBXBuildFile; fileRef = D3A1E85B24DCA0C800318FDF /* Webservice.swift */; };
		D3A1E86324DCA1E900318FDF /* FactsModel.swift in Sources */ = {isa = PBXBuildFile; fileRef = D3A1E86224DCA1E900318FDF /* FactsModel.swift */; };
/* End PBXBuildFile section */

/* Begin PBXContainerItemProxy section */
		D3A1E83E24DC9D6300318FDF /* PBXContainerItemProxy */ = {
			isa = PBXContainerItemProxy;
			containerPortal = D3A1E81F24DC9D6000318FDF /* Project object */;
			proxyType = 1;
			remoteGlobalIDString = D3A1E82624DC9D6000318FDF;
			remoteInfo = TechMahindraPOC;
		};
		D3A1E84924DC9D6300318FDF /* PBXContainerItemProxy */ = {
			isa = PBXContainerItemProxy;
			containerPortal = D3A1E81F24DC9D6000318FDF /* Project object */;
			proxyType = 1;
			remoteGlobalIDString = D3A1E82624DC9D6000318FDF;
			remoteInfo = TechMahindraPOC;
		};
/* End PBXContainerItemProxy section */

/* Begin PBXFileReference section */
		D3A1E82724DC9D6000318FDF /* TechMahindraPOC.app */ = {isa = PBXFileReference; explicitFileType = wrapper.application; includeInIndex = 0; path = TechMahindraPOC.app; sourceTree = BUILT_PRODUCTS_DIR; };
		D3A1E82A24DC9D6000318FDF /* AppDelegate.swift */ = {isa = PBXFileReference; lastKnownFileType = sourcecode.swift; path = AppDelegate.swift; sourceTree = "<group>"; };
		D3A1E82C24DC9D6000318FDF /* SceneDelegate.swift */ = {isa = PBXFileReference; lastKnownFileType = sourcecode.swift; path = SceneDelegate.swift; sourceTree = "<group>"; };
		D3A1E82E24DC9D6000318FDF /* FactsViewController.swift */ = {isa = PBXFileReference; lastKnownFileType = sourcecode.swift; path = FactsViewController.swift; sourceTree = "<group>"; };
		D3A1E83324DC9D6300318FDF /* Assets.xcassets */ = {isa = PBXFileReference; lastKnownFileType = folder.assetcatalog; path = Assets.xcassets; sourceTree = "<group>"; };
		D3A1E83624DC9D6300318FDF /* Base */ = {isa = PBXFileReference; lastKnownFileType = file.storyboard; name = Base; path = Base.lproj/LaunchScreen.storyboard; sourceTree = "<group>"; };
		D3A1E83824DC9D6300318FDF /* Info.plist */ = {isa = PBXFileReference; lastKnownFileType = text.plist.xml; path = Info.plist; sourceTree = "<group>"; };
		D3A1E83D24DC9D6300318FDF /* TechMahindraPOCTests.xctest */ = {isa = PBXFileReference; explicitFileType = wrapper.cfbundle; includeInIndex = 0; path = TechMahindraPOCTests.xctest; sourceTree = BUILT_PRODUCTS_DIR; };
		D3A1E84124DC9D6300318FDF /* TechMahindraPOCTests.swift */ = {isa = PBXFileReference; lastKnownFileType = sourcecode.swift; path = TechMahindraPOCTests.swift; sourceTree = "<group>"; };
		D3A1E84324DC9D6300318FDF /* Info.plist */ = {isa = PBXFileReference; lastKnownFileType = text.plist.xml; path = Info.plist; sourceTree = "<group>"; };
		D3A1E84824DC9D6300318FDF /* TechMahindraPOCUITests.xctest */ = {isa = PBXFileReference; explicitFileType = wrapper.cfbundle; includeInIndex = 0; path = TechMahindraPOCUITests.xctest; sourceTree = BUILT_PRODUCTS_DIR; };
		D3A1E84C24DC9D6300318FDF /* TechMahindraPOCUITests.swift */ = {isa = PBXFileReference; lastKnownFileType = sourcecode.swift; path = TechMahindraPOCUITests.swift; sourceTree = "<group>"; };
		D3A1E84E24DC9D6300318FDF /* Info.plist */ = {isa = PBXFileReference; lastKnownFileType = text.plist.xml; path = Info.plist; sourceTree = "<group>"; };
		D3A1E85B24DCA0C800318FDF /* Webservice.swift */ = {isa = PBXFileReference; lastKnownFileType = sourcecode.swift; path = Webservice.swift; sourceTree = "<group>"; };
		D3A1E86224DCA1E900318FDF /* FactsModel.swift */ = {isa = PBXFileReference; lastKnownFileType = sourcecode.swift; path = FactsModel.swift; sourceTree = "<group>"; };
/* End PBXFileReference section */

/* Begin PBXFrameworksBuildPhase section */
		D3A1E82424DC9D6000318FDF /* Frameworks */ = {
			isa = PBXFrameworksBuildPhase;
			buildActionMask = 2147483647;
			files = (
			);
			runOnlyForDeploymentPostprocessing = 0;
		};
		D3A1E83A24DC9D6300318FDF /* Frameworks */ = {
			isa = PBXFrameworksBuildPhase;
			buildActionMask = 2147483647;
			files = (
			);
			runOnlyForDeploymentPostprocessing = 0;
		};
		D3A1E84524DC9D6300318FDF /* Frameworks */ = {
			isa = PBXFrameworksBuildPhase;
			buildActionMask = 2147483647;
			files = (
			);
			runOnlyForDeploymentPostprocessing = 0;
		};
/* End PBXFrameworksBuildPhase section */

/* Begin PBXGroup section */
		D3A1E81E24DC9D6000318FDF = {
			isa = PBXGroup;
			children = (
				D3A1E82924DC9D6000318FDF /* TechMahindraPOC */,
				D3A1E84024DC9D6300318FDF /* TechMahindraPOCTests */,
				D3A1E84B24DC9D6300318FDF /* TechMahindraPOCUITests */,
				D3A1E82824DC9D6000318FDF /* Products */,
			);
			sourceTree = "<group>";
		};
		D3A1E82824DC9D6000318FDF /* Products */ = {
			isa = PBXGroup;
			children = (
				D3A1E82724DC9D6000318FDF /* TechMahindraPOC.app */,
				D3A1E83D24DC9D6300318FDF /* TechMahindraPOCTests.xctest */,
				D3A1E84824DC9D6300318FDF /* TechMahindraPOCUITests.xctest */,
			);
			name = Products;
			sourceTree = "<group>";
		};
		D3A1E82924DC9D6000318FDF /* TechMahindraPOC */ = {
			isa = PBXGroup;
			children = (
				D3A1E85D24DCA0CF00318FDF /* MVVM-C */,
				D3A1E85A24DCA09900318FDF /* NetworkLayer */,
				D3A1E82A24DC9D6000318FDF /* AppDelegate.swift */,
				D3A1E82C24DC9D6000318FDF /* SceneDelegate.swift */,
				D3A1E83324DC9D6300318FDF /* Assets.xcassets */,
				D3A1E83524DC9D6300318FDF /* LaunchScreen.storyboard */,
				D3A1E83824DC9D6300318FDF /* Info.plist */,
			);
			path = TechMahindraPOC;
			sourceTree = "<group>";
		};
		D3A1E84024DC9D6300318FDF /* TechMahindraPOCTests */ = {
			isa = PBXGroup;
			children = (
				D3A1E84124DC9D6300318FDF /* TechMahindraPOCTests.swift */,
				D3A1E84324DC9D6300318FDF /* Info.plist */,
			);
			path = TechMahindraPOCTests;
			sourceTree = "<group>";
		};
		D3A1E84B24DC9D6300318FDF /* TechMahindraPOCUITests */ = {
			isa = PBXGroup;
			children = (
				D3A1E84C24DC9D6300318FDF /* TechMahindraPOCUITests.swift */,
				D3A1E84E24DC9D6300318FDF /* Info.plist */,
			);
			path = TechMahindraPOCUITests;
			sourceTree = "<group>";
		};
		D3A1E85A24DCA09900318FDF /* NetworkLayer */ = {
			isa = PBXGroup;
			children = (
				D3A1E85B24DCA0C800318FDF /* Webservice.swift */,
			);
			path = NetworkLayer;
			sourceTree = "<group>";
		};
		D3A1E85D24DCA0CF00318FDF /* MVVM-C */ = {
			isa = PBXGroup;
			children = (
				D3A1E86024DCA0FE00318FDF /* Controller */,
				D3A1E85E24DCA0DF00318FDF /* Model */,
				D3A1E86124DCA11F00318FDF /* View */,
				D3A1E85F24DCA0ED00318FDF /* ViewModel */,
			);
			path = "MVVM-C";
			sourceTree = "<group>";
		};
		D3A1E85E24DCA0DF00318FDF /* Model */ = {
			isa = PBXGroup;
			children = (
				D3A1E86224DCA1E900318FDF /* FactsModel.swift */,
			);
			path = Model;
			sourceTree = "<group>";
		};
		D3A1E85F24DCA0ED00318FDF /* ViewModel */ = {
			isa = PBXGroup;
			children = (
			);
			path = ViewModel;
			sourceTree = "<group>";
		};
		D3A1E86024DCA0FE00318FDF /* Controller */ = {
			isa = PBXGroup;
			children = (
				D3A1E82E24DC9D6000318FDF /* FactsViewController.swift */,
			);
			path = Controller;
			sourceTree = "<group>";
		};
		D3A1E86124DCA11F00318FDF /* View */ = {
			isa = PBXGroup;
			children = (
			);
			path = View;
			sourceTree = "<group>";
		};
/* End PBXGroup section */

/* Begin PBXNativeTarget section */
		D3A1E82624DC9D6000318FDF /* TechMahindraPOC */ = {
			isa = PBXNativeTarget;
			buildConfigurationList = D3A1E85124DC9D6300318FDF /* Build configuration list for PBXNativeTarget "TechMahindraPOC" */;
			buildPhases = (
				D3A1E82324DC9D6000318FDF /* Sources */,
				D3A1E82424DC9D6000318FDF /* Frameworks */,
				D3A1E82524DC9D6000318FDF /* Resources */,
			);
			buildRules = (
			);
			dependencies = (
			);
			name = TechMahindraPOC;
			productName = TechMahindraPOC;
			productReference = D3A1E82724DC9D6000318FDF /* TechMahindraPOC.app */;
			productType = "com.apple.product-type.application";
		};
		D3A1E83C24DC9D6300318FDF /* TechMahindraPOCTests */ = {
			isa = PBXNativeTarget;
			buildConfigurationList = D3A1E85424DC9D6300318FDF /* Build configuration list for PBXNativeTarget "TechMahindraPOCTests" */;
			buildPhases = (
				D3A1E83924DC9D6300318FDF /* Sources */,
				D3A1E83A24DC9D6300318FDF /* Frameworks */,
				D3A1E83B24DC9D6300318FDF /* Resources */,
			);
			buildRules = (
			);
			dependencies = (
				D3A1E83F24DC9D6300318FDF /* PBXTargetDependency */,
			);
			name = TechMahindraPOCTests;
			productName = TechMahindraPOCTests;
			productReference = D3A1E83D24DC9D6300318FDF /* TechMahindraPOCTests.xctest */;
			productType = "com.apple.product-type.bundle.unit-test";
		};
		D3A1E84724DC9D6300318FDF /* TechMahindraPOCUITests */ = {
			isa = PBXNativeTarget;
			buildConfigurationList = D3A1E85724DC9D6300318FDF /* Build configuration list for PBXNativeTarget "TechMahindraPOCUITests" */;
			buildPhases = (
				D3A1E84424DC9D6300318FDF /* Sources */,
				D3A1E84524DC9D6300318FDF /* Frameworks */,
				D3A1E84624DC9D6300318FDF /* Resources */,
			);
			buildRules = (
			);
			dependencies = (
				D3A1E84A24DC9D6300318FDF /* PBXTargetDependency */,
			);
			name = TechMahindraPOCUITests;
			productName = TechMahindraPOCUITests;
			productReference = D3A1E84824DC9D6300318FDF /* TechMahindraPOCUITests.xctest */;
			productType = "com.apple.product-type.bundle.ui-testing";
		};
/* End PBXNativeTarget section */

/* Begin PBXProject section */
		D3A1E81F24DC9D6000318FDF /* Project object */ = {
			isa = PBXProject;
			attributes = {
				LastSwiftUpdateCheck = 1150;
				LastUpgradeCheck = 1150;
				ORGANIZATIONNAME = "Pramanshu Goel";
				TargetAttributes = {
					D3A1E82624DC9D6000318FDF = {
						CreatedOnToolsVersion = 11.5;
					};
					D3A1E83C24DC9D6300318FDF = {
						CreatedOnToolsVersion = 11.5;
						TestTargetID = D3A1E82624DC9D6000318FDF;
					};
					D3A1E84724DC9D6300318FDF = {
						CreatedOnToolsVersion = 11.5;
						TestTargetID = D3A1E82624DC9D6000318FDF;
					};
				};
			};
			buildConfigurationList = D3A1E82224DC9D6000318FDF /* Build configuration list for PBXProject "TechMahindraPOC" */;
			compatibilityVersion = "Xcode 9.3";
			developmentRegion = en;
			hasScannedForEncodings = 0;
			knownRegions = (
				en,
				Base,
			);
			mainGroup = D3A1E81E24DC9D6000318FDF;
			productRefGroup = D3A1E82824DC9D6000318FDF /* Products */;
			projectDirPath = "";
			projectRoot = "";
			targets = (
				D3A1E82624DC9D6000318FDF /* TechMahindraPOC */,
				D3A1E83C24DC9D6300318FDF /* TechMahindraPOCTests */,
				D3A1E84724DC9D6300318FDF /* TechMahindraPOCUITests */,
			);
		};
/* End PBXProject section */

/* Begin PBXResourcesBuildPhase section */
		D3A1E82524DC9D6000318FDF /* Resources */ = {
			isa = PBXResourcesBuildPhase;
			buildActionMask = 2147483647;
			files = (
				D3A1E83724DC9D6300318FDF /* LaunchScreen.storyboard in Resources */,
				D3A1E83424DC9D6300318FDF /* Assets.xcassets in Resources */,
			);
			runOnlyForDeploymentPostprocessing = 0;
		};
		D3A1E83B24DC9D6300318FDF /* Resources */ = {
			isa = PBXResourcesBuildPhase;
			buildActionMask = 2147483647;
			files = (
			);
			runOnlyForDeploymentPostprocessing = 0;
		};
		D3A1E84624DC9D6300318FDF /* Resources */ = {
			isa = PBXResourcesBuildPhase;
			buildActionMask = 2147483647;
			files = (
			);
			runOnlyForDeploymentPostprocessing = 0;
		};
/* End PBXResourcesBuildPhase section */

/* Begin PBXSourcesBuildPhase section */
		D3A1E82324DC9D6000318FDF /* Sources */ = {
			isa = PBXSourcesBuildPhase;
			buildActionMask = 2147483647;
			files = (
				D3A1E82F24DC9D6000318FDF /* FactsViewController.swift in Sources */,
				D3A1E82B24DC9D6000318FDF /* AppDelegate.swift in Sources */,
				D3A1E85C24DCA0C800318FDF /* Webservice.swift in Sources */,
				D3A1E86324DCA1E900318FDF /* FactsModel.swift in Sources */,
				D3A1E82D24DC9D6000318FDF /* SceneDelegate.swift in Sources */,
			);
			runOnlyForDeploymentPostprocessing = 0;
		};
		D3A1E83924DC9D6300318FDF /* Sources */ = {
			isa = PBXSourcesBuildPhase;
			buildActionMask = 2147483647;
			files = (
				D3A1E84224DC9D6300318FDF /* TechMahindraPOCTests.swift in Sources */,
			);
			runOnlyForDeploymentPostprocessing = 0;
		};
		D3A1E84424DC9D6300318FDF /* Sources */ = {
			isa = PBXSourcesBuildPhase;
			buildActionMask = 2147483647;
			files = (
				D3A1E84D24DC9D6300318FDF /* TechMahindraPOCUITests.swift in Sources */,
			);
			runOnlyForDeploymentPostprocessing = 0;
		};
/* End PBXSourcesBuildPhase section */

/* Begin PBXTargetDependency section */
		D3A1E83F24DC9D6300318FDF /* PBXTargetDependency */ = {
			isa = PBXTargetDependency;
			target = D3A1E82624DC9D6000318FDF /* TechMahindraPOC */;
			targetProxy = D3A1E83E24DC9D6300318FDF /* PBXContainerItemProxy */;
		};
		D3A1E84A24DC9D6300318FDF /* PBXTargetDependency */ = {
			isa = PBXTargetDependency;
			target = D3A1E82624DC9D6000318FDF /* TechMahindraPOC */;
			targetProxy = D3A1E84924DC9D6300318FDF /* PBXContainerItemProxy */;
		};
/* End PBXTargetDependency section */

/* Begin PBXVariantGroup section */
		D3A1E83524DC9D6300318FDF /* LaunchScreen.storyboard */ = {
			isa = PBXVariantGroup;
			children = (
				D3A1E83624DC9D6300318FDF /* Base */,
			);
			name = LaunchScreen.storyboard;
			sourceTree = "<group>";
		};
/* End PBXVariantGroup section */

/* Begin XCBuildConfiguration section */
		D3A1E84F24DC9D6300318FDF /* Debug */ = {
			isa = XCBuildConfiguration;
			buildSettings = {
				ALWAYS_SEARCH_USER_PATHS = NO;
				CLANG_ANALYZER_NONNULL = YES;
				CLANG_ANALYZER_NUMBER_OBJECT_CONVERSION = YES_AGGRESSIVE;
				CLANG_CXX_LANGUAGE_STANDARD = "gnu++14";
				CLANG_CXX_LIBRARY = "libc++";
				CLANG_ENABLE_MODULES = YES;
				CLANG_ENABLE_OBJC_ARC = YES;
				CLANG_ENABLE_OBJC_WEAK = YES;
				CLANG_WARN_BLOCK_CAPTURE_AUTORELEASING = YES;
				CLANG_WARN_BOOL_CONVERSION = YES;
				CLANG_WARN_COMMA = YES;
				CLANG_WARN_CONSTANT_CONVERSION = YES;
				CLANG_WARN_DEPRECATED_OBJC_IMPLEMENTATIONS = YES;
				CLANG_WARN_DIRECT_OBJC_ISA_USAGE = YES_ERROR;
				CLANG_WARN_DOCUMENTATION_COMMENTS = YES;
				CLANG_WARN_EMPTY_BODY = YES;
				CLANG_WARN_ENUM_CONVERSION = YES;
				CLANG_WARN_INFINITE_RECURSION = YES;
				CLANG_WARN_INT_CONVERSION = YES;
				CLANG_WARN_NON_LITERAL_NULL_CONVERSION = YES;
				CLANG_WARN_OBJC_IMPLICIT_RETAIN_SELF = YES;
				CLANG_WARN_OBJC_LITERAL_CONVERSION = YES;
				CLANG_WARN_OBJC_ROOT_CLASS = YES_ERROR;
				CLANG_WARN_RANGE_LOOP_ANALYSIS = YES;
				CLANG_WARN_STRICT_PROTOTYPES = YES;
				CLANG_WARN_SUSPICIOUS_MOVE = YES;
				CLANG_WARN_UNGUARDED_AVAILABILITY = YES_AGGRESSIVE;
				CLANG_WARN_UNREACHABLE_CODE = YES;
				CLANG_WARN__DUPLICATE_METHOD_MATCH = YES;
				COPY_PHASE_STRIP = NO;
				DEBUG_INFORMATION_FORMAT = dwarf;
				ENABLE_STRICT_OBJC_MSGSEND = YES;
				ENABLE_TESTABILITY = YES;
				GCC_C_LANGUAGE_STANDARD = gnu11;
				GCC_DYNAMIC_NO_PIC = NO;
				GCC_NO_COMMON_BLOCKS = YES;
				GCC_OPTIMIZATION_LEVEL = 0;
				GCC_PREPROCESSOR_DEFINITIONS = (
					"DEBUG=1",
					"$(inherited)",
				);
				GCC_WARN_64_TO_32_BIT_CONVERSION = YES;
				GCC_WARN_ABOUT_RETURN_TYPE = YES_ERROR;
				GCC_WARN_UNDECLARED_SELECTOR = YES;
				GCC_WARN_UNINITIALIZED_AUTOS = YES_AGGRESSIVE;
				GCC_WARN_UNUSED_FUNCTION = YES;
				GCC_WARN_UNUSED_VARIABLE = YES;
				IPHONEOS_DEPLOYMENT_TARGET = 12.0;
				MTL_ENABLE_DEBUG_INFO = INCLUDE_SOURCE;
				MTL_FAST_MATH = YES;
				ONLY_ACTIVE_ARCH = YES;
				SDKROOT = iphoneos;
				SWIFT_ACTIVE_COMPILATION_CONDITIONS = DEBUG;
				SWIFT_OPTIMIZATION_LEVEL = "-Onone";
			};
			name = Debug;
		};
		D3A1E85024DC9D6300318FDF /* Release */ = {
			isa = XCBuildConfiguration;
			buildSettings = {
				ALWAYS_SEARCH_USER_PATHS = NO;
				CLANG_ANALYZER_NONNULL = YES;
				CLANG_ANALYZER_NUMBER_OBJECT_CONVERSION = YES_AGGRESSIVE;
				CLANG_CXX_LANGUAGE_STANDARD = "gnu++14";
				CLANG_CXX_LIBRARY = "libc++";
				CLANG_ENABLE_MODULES = YES;
				CLANG_ENABLE_OBJC_ARC = YES;
				CLANG_ENABLE_OBJC_WEAK = YES;
				CLANG_WARN_BLOCK_CAPTURE_AUTORELEASING = YES;
				CLANG_WARN_BOOL_CONVERSION = YES;
				CLANG_WARN_COMMA = YES;
				CLANG_WARN_CONSTANT_CONVERSION = YES;
				CLANG_WARN_DEPRECATED_OBJC_IMPLEMENTATIONS = YES;
				CLANG_WARN_DIRECT_OBJC_ISA_USAGE = YES_ERROR;
				CLANG_WARN_DOCUMENTATION_COMMENTS = YES;
				CLANG_WARN_EMPTY_BODY = YES;
				CLANG_WARN_ENUM_CONVERSION = YES;
				CLANG_WARN_INFINITE_RECURSION = YES;
				CLANG_WARN_INT_CONVERSION = YES;
				CLANG_WARN_NON_LITERAL_NULL_CONVERSION = YES;
				CLANG_WARN_OBJC_IMPLICIT_RETAIN_SELF = YES;
				CLANG_WARN_OBJC_LITERAL_CONVERSION = YES;
				CLANG_WARN_OBJC_ROOT_CLASS = YES_ERROR;
				CLANG_WARN_RANGE_LOOP_ANALYSIS = YES;
				CLANG_WARN_STRICT_PROTOTYPES = YES;
				CLANG_WARN_SUSPICIOUS_MOVE = YES;
				CLANG_WARN_UNGUARDED_AVAILABILITY = YES_AGGRESSIVE;
				CLANG_WARN_UNREACHABLE_CODE = YES;
				CLANG_WARN__DUPLICATE_METHOD_MATCH = YES;
				COPY_PHASE_STRIP = NO;
				DEBUG_INFORMATION_FORMAT = "dwarf-with-dsym";
				ENABLE_NS_ASSERTIONS = NO;
				ENABLE_STRICT_OBJC_MSGSEND = YES;
				GCC_C_LANGUAGE_STANDARD = gnu11;
				GCC_NO_COMMON_BLOCKS = YES;
				GCC_WARN_64_TO_32_BIT_CONVERSION = YES;
				GCC_WARN_ABOUT_RETURN_TYPE = YES_ERROR;
				GCC_WARN_UNDECLARED_SELECTOR = YES;
				GCC_WARN_UNINITIALIZED_AUTOS = YES_AGGRESSIVE;
				GCC_WARN_UNUSED_FUNCTION = YES;
				GCC_WARN_UNUSED_VARIABLE = YES;
				IPHONEOS_DEPLOYMENT_TARGET = 12.0;
				MTL_ENABLE_DEBUG_INFO = NO;
				MTL_FAST_MATH = YES;
				SDKROOT = iphoneos;
				SWIFT_COMPILATION_MODE = wholemodule;
				SWIFT_OPTIMIZATION_LEVEL = "-O";
				VALIDATE_PRODUCT = YES;
			};
			name = Release;
		};
		D3A1E85224DC9D6300318FDF /* Debug */ = {
			isa = XCBuildConfiguration;
			buildSettings = {
				ASSETCATALOG_COMPILER_APPICON_NAME = AppIcon;
				CODE_SIGN_STYLE = Automatic;
				INFOPLIST_FILE = TechMahindraPOC/Info.plist;
				LD_RUNPATH_SEARCH_PATHS = (
					"$(inherited)",
					"@executable_path/Frameworks",
				);
				PRODUCT_BUNDLE_IDENTIFIER = com.TechMahindraPOC;
				PRODUCT_NAME = "$(TARGET_NAME)";
				SWIFT_VERSION = 5.0;
				TARGETED_DEVICE_FAMILY = "1,2";
			};
			name = Debug;
		};
		D3A1E85324DC9D6300318FDF /* Release */ = {
			isa = XCBuildConfiguration;
			buildSettings = {
				ASSETCATALOG_COMPILER_APPICON_NAME = AppIcon;
				CODE_SIGN_STYLE = Automatic;
				INFOPLIST_FILE = TechMahindraPOC/Info.plist;
				LD_RUNPATH_SEARCH_PATHS = (
					"$(inherited)",
					"@executable_path/Frameworks",
				);
				PRODUCT_BUNDLE_IDENTIFIER = com.TechMahindraPOC;
				PRODUCT_NAME = "$(TARGET_NAME)";
				SWIFT_VERSION = 5.0;
				TARGETED_DEVICE_FAMILY = "1,2";
			};
			name = Release;
		};
		D3A1E85524DC9D6300318FDF /* Debug */ = {
			isa = XCBuildConfiguration;
			buildSettings = {
				ALWAYS_EMBED_SWIFT_STANDARD_LIBRARIES = YES;
				BUNDLE_LOADER = "$(TEST_HOST)";
				CODE_SIGN_STYLE = Automatic;
				INFOPLIST_FILE = TechMahindraPOCTests/Info.plist;
				IPHONEOS_DEPLOYMENT_TARGET = 13.5;
				LD_RUNPATH_SEARCH_PATHS = (
					"$(inherited)",
					"@executable_path/Frameworks",
					"@loader_path/Frameworks",
				);
				PRODUCT_BUNDLE_IDENTIFIER = com.TechMahindraPOCTests;
				PRODUCT_NAME = "$(TARGET_NAME)";
				SWIFT_VERSION = 5.0;
				TARGETED_DEVICE_FAMILY = "1,2";
				TEST_HOST = "$(BUILT_PRODUCTS_DIR)/TechMahindraPOC.app/TechMahindraPOC";
			};
			name = Debug;
		};
		D3A1E85624DC9D6300318FDF /* Release */ = {
			isa = XCBuildConfiguration;
			buildSettings = {
				ALWAYS_EMBED_SWIFT_STANDARD_LIBRARIES = YES;
				BUNDLE_LOADER = "$(TEST_HOST)";
				CODE_SIGN_STYLE = Automatic;
				INFOPLIST_FILE = TechMahindraPOCTests/Info.plist;
				IPHONEOS_DEPLOYMENT_TARGET = 13.5;
				LD_RUNPATH_SEARCH_PATHS = (
					"$(inherited)",
					"@executable_path/Frameworks",
					"@loader_path/Frameworks",
				);
				PRODUCT_BUNDLE_IDENTIFIER = com.TechMahindraPOCTests;
				PRODUCT_NAME = "$(TARGET_NAME)";
				SWIFT_VERSION = 5.0;
				TARGETED_DEVICE_FAMILY = "1,2";
				TEST_HOST = "$(BUILT_PRODUCTS_DIR)/TechMahindraPOC.app/TechMahindraPOC";
			};
			name = Release;
		};
		D3A1E85824DC9D6300318FDF /* Debug */ = {
			isa = XCBuildConfiguration;
			buildSettings = {
				ALWAYS_EMBED_SWIFT_STANDARD_LIBRARIES = YES;
				CODE_SIGN_STYLE = Automatic;
				INFOPLIST_FILE = TechMahindraPOCUITests/Info.plist;
				LD_RUNPATH_SEARCH_PATHS = (
					"$(inherited)",
					"@executable_path/Frameworks",
					"@loader_path/Frameworks",
				);
				PRODUCT_BUNDLE_IDENTIFIER = com.TechMahindraPOCUITests;
				PRODUCT_NAME = "$(TARGET_NAME)";
				SWIFT_VERSION = 5.0;
				TARGETED_DEVICE_FAMILY = "1,2";
				TEST_TARGET_NAME = TechMahindraPOC;
			};
			name = Debug;
		};
		D3A1E85924DC9D6300318FDF /* Release */ = {
			isa = XCBuildConfiguration;
			buildSettings = {
				ALWAYS_EMBED_SWIFT_STANDARD_LIBRARIES = YES;
				CODE_SIGN_STYLE = Automatic;
				INFOPLIST_FILE = TechMahindraPOCUITests/Info.plist;
				LD_RUNPATH_SEARCH_PATHS = (
					"$(inherited)",
					"@executable_path/Frameworks",
					"@loader_path/Frameworks",
				);
				PRODUCT_BUNDLE_IDENTIFIER = com.TechMahindraPOCUITests;
				PRODUCT_NAME = "$(TARGET_NAME)";
				SWIFT_VERSION = 5.0;
				TARGETED_DEVICE_FAMILY = "1,2";
				TEST_TARGET_NAME = TechMahindraPOC;
			};
			name = Release;
		};
/* End XCBuildConfiguration section */

/* Begin XCConfigurationList section */
		D3A1E82224DC9D6000318FDF /* Build configuration list for PBXProject "TechMahindraPOC" */ = {
			isa = XCConfigurationList;
			buildConfigurations = (
				D3A1E84F24DC9D6300318FDF /* Debug */,
				D3A1E85024DC9D6300318FDF /* Release */,
			);
			defaultConfigurationIsVisible = 0;
			defaultConfigurationName = Release;
		};
		D3A1E85124DC9D6300318FDF /* Build configuration list for PBXNativeTarget "TechMahindraPOC" */ = {
			isa = XCConfigurationList;
			buildConfigurations = (
				D3A1E85224DC9D6300318FDF /* Debug */,
				D3A1E85324DC9D6300318FDF /* Release */,
			);
			defaultConfigurationIsVisible = 0;
			defaultConfigurationName = Release;
		};
		D3A1E85424DC9D6300318FDF /* Build configuration list for PBXNativeTarget "TechMahindraPOCTests" */ = {
			isa = XCConfigurationList;
			buildConfigurations = (
				D3A1E85524DC9D6300318FDF /* Debug */,
				D3A1E85624DC9D6300318FDF /* Release */,
			);
			defaultConfigurationIsVisible = 0;
			defaultConfigurationName = Release;
		};
		D3A1E85724DC9D6300318FDF /* Build configuration list for PBXNativeTarget "TechMahindraPOCUITests" */ = {
			isa = XCConfigurationList;
			buildConfigurations = (
				D3A1E85824DC9D6300318FDF /* Debug */,
				D3A1E85924DC9D6300318FDF /* Release */,
			);
			defaultConfigurationIsVisible = 0;
			defaultConfigurationName = Release;
		};
/* End XCConfigurationList section */
	};
	rootObject = D3A1E81F24DC9D6000318FDF /* Project object */;
}
